// !$*UTF8*$!
{
	archiveVersion = 1;
	classes = {
	};
	objectVersion = 46;
	objects = {

/* Begin PBXBuildFile section */
		41DCBB8F1E8A986D000D90A0 /* AppDelegate.swift in Sources */ = {isa = PBXBuildFile; fileRef = 41DCBB8E1E8A986D000D90A0 /* AppDelegate.swift */; };
		41DCBB911E8A986D000D90A0 /* ViewController.swift in Sources */ = {isa = PBXBuildFile; fileRef = 41DCBB901E8A986D000D90A0 /* ViewController.swift */; };
		41DCBB941E8A986D000D90A0 /* Main.storyboard in Resources */ = {isa = PBXBuildFile; fileRef = 41DCBB921E8A986D000D90A0 /* Main.storyboard */; };
		41DCBB971E8A986D000D90A0 /* Teoria_CoreData_iOS.xcdatamodeld in Sources */ = {isa = PBXBuildFile; fileRef = 41DCBB951E8A986D000D90A0 /* Teoria_CoreData_iOS.xcdatamodeld */; };
		41DCBB991E8A986D000D90A0 /* Assets.xcassets in Resources */ = {isa = PBXBuildFile; fileRef = 41DCBB981E8A986D000D90A0 /* Assets.xcassets */; };
		41DCBB9C1E8A986D000D90A0 /* LaunchScreen.storyboard in Resources */ = {isa = PBXBuildFile; fileRef = 41DCBB9A1E8A986D000D90A0 /* LaunchScreen.storyboard */; };
		41DCBBA41E8AAFA0000D90A0 /* Person+Uitls.swift in Sources */ = {isa = PBXBuildFile; fileRef = 41DCBBA31E8AAFA0000D90A0 /* Person+Uitls.swift */; };
/* End PBXBuildFile section */

/* Begin PBXFileReference section */
		41DCBB8B1E8A986D000D90A0 /* Teoria_CoreData_iOS.app */ = {isa = PBXFileReference; explicitFileType = wrapper.application; includeInIndex = 0; path = Teoria_CoreData_iOS.app; sourceTree = BUILT_PRODUCTS_DIR; };
		41DCBB8E1E8A986D000D90A0 /* AppDelegate.swift */ = {isa = PBXFileReference; lastKnownFileType = sourcecode.swift; path = AppDelegate.swift; sourceTree = "<group>"; };
		41DCBB901E8A986D000D90A0 /* ViewController.swift */ = {isa = PBXFileReference; lastKnownFileType = sourcecode.swift; path = ViewController.swift; sourceTree = "<group>"; };
		41DCBB931E8A986D000D90A0 /* Base */ = {isa = PBXFileReference; lastKnownFileType = file.storyboard; name = Base; path = Base.lproj/Main.storyboard; sourceTree = "<group>"; };
		41DCBB961E8A986D000D90A0 /* Teoria_CoreData_iOS.xcdatamodel */ = {isa = PBXFileReference; lastKnownFileType = wrapper.xcdatamodel; path = Teoria_CoreData_iOS.xcdatamodel; sourceTree = "<group>"; };
		41DCBB981E8A986D000D90A0 /* Assets.xcassets */ = {isa = PBXFileReference; lastKnownFileType = folder.assetcatalog; path = Assets.xcassets; sourceTree = "<group>"; };
		41DCBB9B1E8A986D000D90A0 /* Base */ = {isa = PBXFileReference; lastKnownFileType = file.storyboard; name = Base; path = Base.lproj/LaunchScreen.storyboard; sourceTree = "<group>"; };
		41DCBB9D1E8A986D000D90A0 /* Info.plist */ = {isa = PBXFileReference; lastKnownFileType = text.plist.xml; path = Info.plist; sourceTree = "<group>"; };
		41DCBBA31E8AAFA0000D90A0 /* Person+Uitls.swift */ = {isa = PBXFileReference; fileEncoding = 4; lastKnownFileType = sourcecode.swift; path = "Person+Uitls.swift"; sourceTree = "<group>"; };
/* End PBXFileReference section */

/* Begin PBXFrameworksBuildPhase section */
		41DCBB881E8A986D000D90A0 /* Frameworks */ = {
			isa = PBXFrameworksBuildPhase;
			buildActionMask = 2147483647;
			files = (
			);
			runOnlyForDeploymentPostprocessing = 0;
		};
/* End PBXFrameworksBuildPhase section */

/* Begin PBXGroup section */
		41DCBB821E8A986D000D90A0 = {
			isa = PBXGroup;
			children = (
				41DCBB8D1E8A986D000D90A0 /* Teoria_CoreData_iOS */,
				41DCBB8C1E8A986D000D90A0 /* Products */,
			);
			sourceTree = "<group>";
		};
		41DCBB8C1E8A986D000D90A0 /* Products */ = {
			isa = PBXGroup;
			children = (
				41DCBB8B1E8A986D000D90A0 /* Teoria_CoreData_iOS.app */,
			);
			name = Products;
			sourceTree = "<group>";
		};
		41DCBB8D1E8A986D000D90A0 /* Teoria_CoreData_iOS */ = {
			isa = PBXGroup;
			children = (
				41DCBB8E1E8A986D000D90A0 /* AppDelegate.swift */,
				41DCBBA31E8AAFA0000D90A0 /* Person+Uitls.swift */,
				41DCBB901E8A986D000D90A0 /* ViewController.swift */,
				41DCBB921E8A986D000D90A0 /* Main.storyboard */,
				41DCBB981E8A986D000D90A0 /* Assets.xcassets */,
				41DCBB9A1E8A986D000D90A0 /* LaunchScreen.storyboard */,
				41DCBB9D1E8A986D000D90A0 /* Info.plist */,
				41DCBB951E8A986D000D90A0 /* Teoria_CoreData_iOS.xcdatamodeld */,
			);
			path = Teoria_CoreData_iOS;
			sourceTree = "<group>";
		};
/* End PBXGroup section */

/* Begin PBXNativeTarget section */
		41DCBB8A1E8A986D000D90A0 /* Teoria_CoreData_iOS */ = {
			isa = PBXNativeTarget;
			buildConfigurationList = 41DCBBA01E8A986D000D90A0 /* Build configuration list for PBXNativeTarget "Teoria_CoreData_iOS" */;
			buildPhases = (
				41DCBB871E8A986D000D90A0 /* Sources */,
				41DCBB881E8A986D000D90A0 /* Frameworks */,
				41DCBB891E8A986D000D90A0 /* Resources */,
			);
			buildRules = (
			);
			dependencies = (
			);
			name = Teoria_CoreData_iOS;
			productName = Teoria_CoreData_iOS;
			productReference = 41DCBB8B1E8A986D000D90A0 /* Teoria_CoreData_iOS.app */;
			productType = "com.apple.product-type.application";
		};
/* End PBXNativeTarget section */

/* Begin PBXProject section */
		41DCBB831E8A986D000D90A0 /* Project object */ = {
			isa = PBXProject;
			attributes = {
				LastSwiftUpdateCheck = 0820;
				LastUpgradeCheck = 0820;
				ORGANIZATIONNAME = icologic;
				TargetAttributes = {
					41DCBB8A1E8A986D000D90A0 = {
						CreatedOnToolsVersion = 8.2.1;
						DevelopmentTeam = 2C7W4RF846;
						ProvisioningStyle = Automatic;
					};
				};
			};
			buildConfigurationList = 41DCBB861E8A986D000D90A0 /* Build configuration list for PBXProject "Teoria_CoreData_iOS" */;
			compatibilityVersion = "Xcode 3.2";
			developmentRegion = English;
			hasScannedForEncodings = 0;
			knownRegions = (
				en,
				Base,
			);
			mainGroup = 41DCBB821E8A986D000D90A0;
			productRefGroup = 41DCBB8C1E8A986D000D90A0 /* Products */;
			projectDirPath = "";
			projectRoot = "";
			targets = (
				41DCBB8A1E8A986D000D90A0 /* Teoria_CoreData_iOS */,
			);
		};
/* End PBXProject section */

/* Begin PBXResourcesBuildPhase section */
		41DCBB891E8A986D000D90A0 /* Resources */ = {
			isa = PBXResourcesBuildPhase;
			buildActionMask = 2147483647;
			files = (
				41DCBB9C1E8A986D000D90A0 /* LaunchScreen.storyboard in Resources */,
				41DCBB991E8A986D000D90A0 /* Assets.xcassets in Resources */,
				41DCBB941E8A986D000D90A0 /* Main.storyboard in Resources */,
			);
			runOnlyForDeploymentPostprocessing = 0;
		};
/* End PBXResourcesBuildPhase section */

/* Begin PBXSourcesBuildPhase section */
		41DCBB871E8A986D000D90A0 /* Sources */ = {
			isa = PBXSourcesBuildPhase;
			buildActionMask = 2147483647;
			files = (
				41DCBBA41E8AAFA0000D90A0 /* Person+Uitls.swift in Sources */,
				41DCBB971E8A986D000D90A0 /* Teoria_CoreData_iOS.xcdatamodeld in Sources */,
				41DCBB911E8A986D000D90A0 /* ViewController.swift in Sources */,
				41DCBB8F1E8A986D000D90A0 /* AppDelegate.swift in Sources */,
			);
			runOnlyForDeploymentPostprocessing = 0;
		};
/* End PBXSourcesBuildPhase section */

/* Begin PBXVariantGroup section */
		41DCBB921E8A986D000D90A0 /* Main.storyboard */ = {
			isa = PBXVariantGroup;
			children = (
				41DCBB931E8A986D000D90A0 /* Base */,
			);
			name = Main.storyboard;
			sourceTree = "<group>";
		};
		41DCBB9A1E8A986D000D90A0 /* LaunchScreen.storyboard */ = {
			isa = PBXVariantGroup;
			children = (
				41DCBB9B1E8A986D000D90A0 /* Base */,
			);
			name = LaunchScreen.storyboard;
			sourceTree = "<group>";
		};
/* End PBXVariantGroup section */

/* Begin XCBuildConfiguration section */
		41DCBB9E1E8A986D000D90A0 /* Debug */ = {
			isa = XCBuildConfiguration;
			buildSettings = {
				ALWAYS_SEARCH_USER_PATHS = NO;
				CLANG_ANALYZER_NONNULL = YES;
				CLANG_CXX_LANGUAGE_STANDARD = "gnu++0x";
				CLANG_CXX_LIBRARY = "libc++";
				CLANG_ENABLE_MODULES = YES;
				CLANG_ENABLE_OBJC_ARC = YES;
				CLANG_WARN_BOOL_CONVERSION = YES;
				CLANG_WARN_CONSTANT_CONVERSION = YES;
				CLANG_WARN_DIRECT_OBJC_ISA_USAGE = YES_ERROR;
				CLANG_WARN_DOCUMENTATION_COMMENTS = YES;
				CLANG_WARN_EMPTY_BODY = YES;
				CLANG_WARN_ENUM_CONVERSION = YES;
				CLANG_WARN_INFINITE_RECURSION = YES;
				CLANG_WARN_INT_CONVERSION = YES;
				CLANG_WARN_OBJC_ROOT_CLASS = YES_ERROR;
				CLANG_WARN_SUSPICIOUS_MOVE = YES;
				CLANG_WARN_UNREACHABLE_CODE = YES;
				CLANG_WARN__DUPLICATE_METHOD_MATCH = YES;
				"CODE_SIGN_IDENTITY[sdk=iphoneos*]" = "iPhone Developer";
				COPY_PHASE_STRIP = NO;
				DEBUG_INFORMATION_FORMAT = dwarf;
				ENABLE_STRICT_OBJC_MSGSEND = YES;
				ENABLE_TESTABILITY = YES;
				GCC_C_LANGUAGE_STANDARD = gnu99;
				GCC_DYNAMIC_NO_PIC = NO;
				GCC_NO_COMMON_BLOCKS = YES;
				GCC_OPTIMIZATION_LEVEL = 0;
				GCC_PREPROCESSOR_DEFINITIONS = (
					"DEBUG=1",
					"$(inherited)",
				);
				GCC_WARN_64_TO_32_BIT_CONVERSION = YES;
				GCC_WARN_ABOUT_RETURN_TYPE = YES_ERROR;
				GCC_WARN_UNDECLARED_SELECTOR = YES;
				GCC_WARN_UNINITIALIZED_AUTOS = YES_AGGRESSIVE;
				GCC_WARN_UNUSED_FUNCTION = YES;
				GCC_WARN_UNUSED_VARIABLE = YES;
				IPHONEOS_DEPLOYMENT_TARGET = 10.2;
				MTL_ENABLE_DEBUG_INFO = YES;
				ONLY_ACTIVE_ARCH = YES;
				SDKROOT = iphoneos;
				SWIFT_ACTIVE_COMPILATION_CONDITIONS = DEBUG;
				SWIFT_OPTIMIZATION_LEVEL = "-Onone";
			};
			name = Debug;
		};
		41DCBB9F1E8A986D000D90A0 /* Release */ = {
			isa = XCBuildConfiguration;
			buildSettings = {
				ALWAYS_SEARCH_USER_PATHS = NO;
				CLANG_ANALYZER_NONNULL = YES;
				CLANG_CXX_LANGUAGE_STANDARD = "gnu++0x";
				CLANG_CXX_LIBRARY = "libc++";
				CLANG_ENABLE_MODULES = YES;
				CLANG_ENABLE_OBJC_ARC = YES;
				CLANG_WARN_BOOL_CONVERSION = YES;
				CLANG_WARN_CONSTANT_CONVERSION = YES;
				CLANG_WARN_DIRECT_OBJC_ISA_USAGE = YES_ERROR;
				CLANG_WARN_DOCUMENTATION_COMMENTS = YES;
				CLANG_WARN_EMPTY_BODY = YES;
				CLANG_WARN_ENUM_CONVERSION = YES;
				CLANG_WARN_INFINITE_RECURSION = YES;
				CLANG_WARN_INT_CONVERSION = YES;
				CLANG_WARN_OBJC_ROOT_CLASS = YES_ERROR;
				CLANG_WARN_SUSPICIOUS_MOVE = YES;
				CLANG_WARN_UNREACHABLE_CODE = YES;
				CLANG_WARN__DUPLICATE_METHOD_MATCH = YES;
				"CODE_SIGN_IDENTITY[sdk=iphoneos*]" = "iPhone Developer";
				COPY_PHASE_STRIP = NO;
				DEBUG_INFORMATION_FORMAT = "dwarf-with-dsym";
				ENABLE_NS_ASSERTIONS = NO;
				ENABLE_STRICT_OBJC_MSGSEND = YES;
				GCC_C_LANGUAGE_STANDARD = gnu99;
				GCC_NO_COMMON_BLOCKS = YES;
				GCC_WARN_64_TO_32_BIT_CONVERSION = YES;
				GCC_WARN_ABOUT_RETURN_TYPE = YES_ERROR;
				GCC_WARN_UNDECLARED_SELECTOR = YES;
				GCC_WARN_UNINITIALIZED_AUTOS = YES_AGGRESSIVE;
				GCC_WARN_UNUSED_FUNCTION = YES;
				GCC_WARN_UNUSED_VARIABLE = YES;
				IPHONEOS_DEPLOYMENT_TARGET = 10.2;
				MTL_ENABLE_DEBUG_INFO = NO;
				SDKROOT = iphoneos;
				SWIFT_OPTIMIZATION_LEVEL = "-Owholemodule";
				VALIDATE_PRODUCT = YES;
			};
			name = Release;
		};
		41DCBBA11E8A986D000D90A0 /* Debug */ = {
			isa = XCBuildConfiguration;
			buildSettings = {
				ASSETCATALOG_COMPILER_APPICON_NAME = AppIcon;
				DEVELOPMENT_TEAM = 2C7W4RF846;
				INFOPLIST_FILE = Teoria_CoreData_iOS/Info.plist;
				LD_RUNPATH_SEARCH_PATHS = "$(inherited) @executable_path/Frameworks";
				PRODUCT_BUNDLE_IDENTIFIER = "com.icologic.Teoria-CoreData-iOS";
				PRODUCT_NAME = "$(TARGET_NAME)";
				SWIFT_VERSION = 3.0;
			};
			name = Debug;
		};
		41DCBBA21E8A986D000D90A0 /* Release */ = {
			isa = XCBuildConfiguration;
			buildSettings = {
				ASSETCATALOG_COMPILER_APPICON_NAME = AppIcon;
				DEVELOPMENT_TEAM = 2C7W4RF846;
				INFOPLIST_FILE = Teoria_CoreData_iOS/Info.plist;
				LD_RUNPATH_SEARCH_PATHS = "$(inherited) @executable_path/Frameworks";
				PRODUCT_BUNDLE_IDENTIFIER = "com.icologic.Teoria-CoreData-iOS";
				PRODUCT_NAME = "$(TARGET_NAME)";
				SWIFT_VERSION = 3.0;
			};
			name = Release;
		};
/* End XCBuildConfiguration section */

/* Begin XCConfigurationList section */
		41DCBB861E8A986D000D90A0 /* Build configuration list for PBXProject "Teoria_CoreData_iOS" */ = {
			isa = XCConfigurationList;
			buildConfigurations = (
				41DCBB9E1E8A986D000D90A0 /* Debug */,
				41DCBB9F1E8A986D000D90A0 /* Release */,
			);
			defaultConfigurationIsVisible = 0;
			defaultConfigurationName = Release;
		};
		41DCBBA01E8A986D000D90A0 /* Build configuration list for PBXNativeTarget "Teoria_CoreData_iOS" */ = {
			isa = XCConfigurationList;
			buildConfigurations = (
				41DCBBA11E8A986D000D90A0 /* Debug */,
				41DCBBA21E8A986D000D90A0 /* Release */,
			);
			defaultConfigurationIsVisible = 0;
		};
/* End XCConfigurationList section */

/* Begin XCVersionGroup section */
		41DCBB951E8A986D000D90A0 /* Teoria_CoreData_iOS.xcdatamodeld */ = {
			isa = XCVersionGroup;
			children = (
				41DCBB961E8A986D000D90A0 /* Teoria_CoreData_iOS.xcdatamodel */,
			);
			currentVersion = 41DCBB961E8A986D000D90A0 /* Teoria_CoreData_iOS.xcdatamodel */;
			path = Teoria_CoreData_iOS.xcdatamodeld;
			sourceTree = "<group>";
			versionGroupType = wrapper.xcdatamodel;
		};
/* End XCVersionGroup section */
	};
	rootObject = 41DCBB831E8A986D000D90A0 /* Project object */;
}
